
Microsoft Visual Studio Solution File, Format Version 12.00
# Visual Studio 14
VisualStudioVersion = 14.0.24720.0
MinimumVisualStudioVersion = 10.0.40219.1
Project("{2150E333-8FDC-42A3-9474-1A3956D46DE8}") = "Documentation", "Documentation", "{9E4AAAB7-6BD9-48F2-B6BC-FAEB0C8FA122}"
	ProjectSection(SolutionItems) = preProject
		CONTRIBUTORS.txt = CONTRIBUTORS.txt
		LICENSE = LICENSE
		README-ES.md = README-ES.md
		README.md = README.md
	EndProjectSection
EndProject
Project("{2150E333-8FDC-42A3-9474-1A3956D46DE8}") = "Images", "Images", "{45522D9B-F625-4674-B096-7971BDEB789C}"
	ProjectSection(SolutionItems) = preProject
		repository-open-graph-template.png = repository-open-graph-template.png
	EndProjectSection
EndProject
Project("{2150E333-8FDC-42A3-9474-1A3956D46DE8}") = "Source", "Source", "{5D1A4F22-D7E8-4A61-BD5A-265B2A0BE73A}"
EndProject
Project("{2150E333-8FDC-42A3-9474-1A3956D46DE8}") = "Tests", "Tests", "{5644AACC-EB29-4667-BC61-50FC6F918835}"
EndProject
Project("{FAE04EC0-301F-11D3-BF4B-00C04F79EFBC}") = "SOLTEC.HRM", "SOLTEC.HRM\SOLTEC.HRM.csproj", "{4309AACC-FC5E-443A-96B6-97C4FBF9EB06}"
EndProject
Project("{FAE04EC0-301F-11D3-BF4B-00C04F79EFBC}") = "SOLTEC.HRM.Tests", "SOLTEC.HRM.Tests\SOLTEC.HRM.Tests.csproj", "{248A9460-2692-44FA-A213-5D633AA5F99A}"
EndProject
Global
	GlobalSection(SolutionConfigurationPlatforms) = preSolution
		Debug|Any CPU = Debug|Any CPU
		Release|Any CPU = Release|Any CPU
	EndGlobalSection
	GlobalSection(ProjectConfigurationPlatforms) = postSolution
		{4309AACC-FC5E-443A-96B6-97C4FBF9EB06}.Debug|Any CPU.ActiveCfg = Debug|Any CPU
		{4309AACC-FC5E-443A-96B6-97C4FBF9EB06}.Debug|Any CPU.Build.0 = Debug|Any CPU
		{4309AACC-FC5E-443A-96B6-97C4FBF9EB06}.Release|Any CPU.ActiveCfg = Release|Any CPU
		{4309AACC-FC5E-443A-96B6-97C4FBF9EB06}.Release|Any CPU.Build.0 = Release|Any CPU
		{248A9460-2692-44FA-A213-5D633AA5F99A}.Debug|Any CPU.ActiveCfg = Debug|Any CPU
		{248A9460-2692-44FA-A213-5D633AA5F99A}.Debug|Any CPU.Build.0 = Debug|Any CPU
		{248A9460-2692-44FA-A213-5D633AA5F99A}.Release|Any CPU.ActiveCfg = Release|Any CPU
		{248A9460-2692-44FA-A213-5D633AA5F99A}.Release|Any CPU.Build.0 = Release|Any CPU
	EndGlobalSection
	GlobalSection(SolutionProperties) = preSolution
		HideSolutionNode = FALSE
	EndGlobalSection
	GlobalSection(NestedProjects) = preSolution
		{45522D9B-F625-4674-B096-7971BDEB789C} = {9E4AAAB7-6BD9-48F2-B6BC-FAEB0C8FA122}
		{4309AACC-FC5E-443A-96B6-97C4FBF9EB06} = {5D1A4F22-D7E8-4A61-BD5A-265B2A0BE73A}
		{248A9460-2692-44FA-A213-5D633AA5F99A} = {5644AACC-EB29-4667-BC61-50FC6F918835}
	EndGlobalSection
EndGlobal
